// !$*UTF8*$!
{
	archiveVersion = 1;
	classes = {
	};
	objectVersion = 46;
	objects = {

/* Begin PBXBuildFile section */
		753998331B29C241002BD72D /* AppDelegate.swift in Sources */ = {isa = PBXBuildFile; fileRef = 753998321B29C241002BD72D /* AppDelegate.swift */; };
		753998351B29C241002BD72D /* ViewController.swift in Sources */ = {isa = PBXBuildFile; fileRef = 753998341B29C241002BD72D /* ViewController.swift */; };
		753998381B29C241002BD72D /* Main.storyboard in Resources */ = {isa = PBXBuildFile; fileRef = 753998361B29C241002BD72D /* Main.storyboard */; };
		7539983A1B29C241002BD72D /* Images.xcassets in Resources */ = {isa = PBXBuildFile; fileRef = 753998391B29C241002BD72D /* Images.xcassets */; };
		7539983D1B29C241002BD72D /* LaunchScreen.xib in Resources */ = {isa = PBXBuildFile; fileRef = 7539983B1B29C241002BD72D /* LaunchScreen.xib */; };
		753998491B29C241002BD72D /* HappinessTests.swift in Sources */ = {isa = PBXBuildFile; fileRef = 753998481B29C241002BD72D /* HappinessTests.swift */; };
/* End PBXBuildFile section */

/* Begin PBXContainerItemProxy section */
		753998431B29C241002BD72D /* PBXContainerItemProxy */ = {
			isa = PBXContainerItemProxy;
			containerPortal = 753998251B29C241002BD72D /* Project object */;
			proxyType = 1;
			remoteGlobalIDString = 7539982C1B29C241002BD72D;
			remoteInfo = Happiness;
		};
/* End PBXContainerItemProxy section */

/* Begin PBXFileReference section */
		7539982D1B29C241002BD72D /* Happiness.app */ = {isa = PBXFileReference; explicitFileType = wrapper.application; includeInIndex = 0; path = Happiness.app; sourceTree = BUILT_PRODUCTS_DIR; };
		753998311B29C241002BD72D /* Info.plist */ = {isa = PBXFileReference; lastKnownFileType = text.plist.xml; path = Info.plist; sourceTree = "<group>"; };
		753998321B29C241002BD72D /* AppDelegate.swift */ = {isa = PBXFileReference; lastKnownFileType = sourcecode.swift; path = AppDelegate.swift; sourceTree = "<group>"; };
		753998341B29C241002BD72D /* ViewController.swift */ = {isa = PBXFileReference; lastKnownFileType = sourcecode.swift; path = ViewController.swift; sourceTree = "<group>"; };
		753998371B29C241002BD72D /* Base */ = {isa = PBXFileReference; lastKnownFileType = file.storyboard; name = Base; path = Base.lproj/Main.storyboard; sourceTree = "<group>"; };
		753998391B29C241002BD72D /* Images.xcassets */ = {isa = PBXFileReference; lastKnownFileType = folder.assetcatalog; path = Images.xcassets; sourceTree = "<group>"; };
		7539983C1B29C241002BD72D /* Base */ = {isa = PBXFileReference; lastKnownFileType = file.xib; name = Base; path = Base.lproj/LaunchScreen.xib; sourceTree = "<group>"; };
		753998421B29C241002BD72D /* HappinessTests.xctest */ = {isa = PBXFileReference; explicitFileType = wrapper.cfbundle; includeInIndex = 0; path = HappinessTests.xctest; sourceTree = BUILT_PRODUCTS_DIR; };
		753998471B29C241002BD72D /* Info.plist */ = {isa = PBXFileReference; lastKnownFileType = text.plist.xml; path = Info.plist; sourceTree = "<group>"; };
		753998481B29C241002BD72D /* HappinessTests.swift */ = {isa = PBXFileReference; lastKnownFileType = sourcecode.swift; path = HappinessTests.swift; sourceTree = "<group>"; };
/* End PBXFileReference section */

/* Begin PBXFrameworksBuildPhase section */
		7539982A1B29C241002BD72D /* Frameworks */ = {
			isa = PBXFrameworksBuildPhase;
			buildActionMask = 2147483647;
			files = (
			);
			runOnlyForDeploymentPostprocessing = 0;
		};
		7539983F1B29C241002BD72D /* Frameworks */ = {
			isa = PBXFrameworksBuildPhase;
			buildActionMask = 2147483647;
			files = (
			);
			runOnlyForDeploymentPostprocessing = 0;
		};
/* End PBXFrameworksBuildPhase section */

/* Begin PBXGroup section */
		753998241B29C241002BD72D = {
			isa = PBXGroup;
			children = (
				7539982F1B29C241002BD72D /* Happiness */,
				753998451B29C241002BD72D /* HappinessTests */,
				7539982E1B29C241002BD72D /* Products */,
			);
			sourceTree = "<group>";
		};
		7539982E1B29C241002BD72D /* Products */ = {
			isa = PBXGroup;
			children = (
				7539982D1B29C241002BD72D /* Happiness.app */,
				753998421B29C241002BD72D /* HappinessTests.xctest */,
			);
			name = Products;
			sourceTree = "<group>";
		};
		7539982F1B29C241002BD72D /* Happiness */ = {
			isa = PBXGroup;
			children = (
				753998321B29C241002BD72D /* AppDelegate.swift */,
				753998341B29C241002BD72D /* ViewController.swift */,
				753998361B29C241002BD72D /* Main.storyboard */,
				753998391B29C241002BD72D /* Images.xcassets */,
				7539983B1B29C241002BD72D /* LaunchScreen.xib */,
				753998301B29C241002BD72D /* Supporting Files */,
			);
			path = Happiness;
			sourceTree = "<group>";
		};
		753998301B29C241002BD72D /* Supporting Files */ = {
			isa = PBXGroup;
			children = (
				753998311B29C241002BD72D /* Info.plist */,
			);
			name = "Supporting Files";
			sourceTree = "<group>";
		};
		753998451B29C241002BD72D /* HappinessTests */ = {
			isa = PBXGroup;
			children = (
				753998481B29C241002BD72D /* HappinessTests.swift */,
				753998461B29C241002BD72D /* Supporting Files */,
			);
			path = HappinessTests;
			sourceTree = "<group>";
		};
		753998461B29C241002BD72D /* Supporting Files */ = {
			isa = PBXGroup;
			children = (
				753998471B29C241002BD72D /* Info.plist */,
			);
			name = "Supporting Files";
			sourceTree = "<group>";
		};
/* End PBXGroup section */

/* Begin PBXNativeTarget section */
		7539982C1B29C241002BD72D /* Happiness */ = {
			isa = PBXNativeTarget;
			buildConfigurationList = 7539984C1B29C241002BD72D /* Build configuration list for PBXNativeTarget "Happiness" */;
			buildPhases = (
				753998291B29C241002BD72D /* Sources */,
				7539982A1B29C241002BD72D /* Frameworks */,
				7539982B1B29C241002BD72D /* Resources */,
			);
			buildRules = (
			);
			dependencies = (
			);
			name = Happiness;
			productName = Happiness;
			productReference = 7539982D1B29C241002BD72D /* Happiness.app */;
			productType = "com.apple.product-type.application";
		};
		753998411B29C241002BD72D /* HappinessTests */ = {
			isa = PBXNativeTarget;
			buildConfigurationList = 7539984F1B29C241002BD72D /* Build configuration list for PBXNativeTarget "HappinessTests" */;
			buildPhases = (
				7539983E1B29C241002BD72D /* Sources */,
				7539983F1B29C241002BD72D /* Frameworks */,
				753998401B29C241002BD72D /* Resources */,
			);
			buildRules = (
			);
			dependencies = (
				753998441B29C241002BD72D /* PBXTargetDependency */,
			);
			name = HappinessTests;
			productName = HappinessTests;
			productReference = 753998421B29C241002BD72D /* HappinessTests.xctest */;
			productType = "com.apple.product-type.bundle.unit-test";
		};
/* End PBXNativeTarget section */

/* Begin PBXProject section */
		753998251B29C241002BD72D /* Project object */ = {
			isa = PBXProject;
			attributes = {
				LastUpgradeCheck = 0630;
				ORGANIZATIONNAME = "Jeff Greenberg";
				TargetAttributes = {
					7539982C1B29C241002BD72D = {
						CreatedOnToolsVersion = 6.3.2;
					};
					753998411B29C241002BD72D = {
						CreatedOnToolsVersion = 6.3.2;
						TestTargetID = 7539982C1B29C241002BD72D;
					};
				};
			};
			buildConfigurationList = 753998281B29C241002BD72D /* Build configuration list for PBXProject "Happiness" */;
			compatibilityVersion = "Xcode 3.2";
			developmentRegion = English;
			hasScannedForEncodings = 0;
			knownRegions = (
				en,
				Base,
			);
			mainGroup = 753998241B29C241002BD72D;
			productRefGroup = 7539982E1B29C241002BD72D /* Products */;
			projectDirPath = "";
			projectRoot = "";
			targets = (
				7539982C1B29C241002BD72D /* Happiness */,
				753998411B29C241002BD72D /* HappinessTests */,
			);
		};
/* End PBXProject section */

/* Begin PBXResourcesBuildPhase section */
		7539982B1B29C241002BD72D /* Resources */ = {
			isa = PBXResourcesBuildPhase;
			buildActionMask = 2147483647;
			files = (
				753998381B29C241002BD72D /* Main.storyboard in Resources */,
				7539983D1B29C241002BD72D /* LaunchScreen.xib in Resources */,
				7539983A1B29C241002BD72D /* Images.xcassets in Resources */,
			);
			runOnlyForDeploymentPostprocessing = 0;
		};
		753998401B29C241002BD72D /* Resources */ = {
			isa = PBXResourcesBuildPhase;
			buildActionMask = 2147483647;
			files = (
			);
			runOnlyForDeploymentPostprocessing = 0;
		};
/* End PBXResourcesBuildPhase section */

/* Begin PBXSourcesBuildPhase section */
		753998291B29C241002BD72D /* Sources */ = {
			isa = PBXSourcesBuildPhase;
			buildActionMask = 2147483647;
			files = (
				753998351B29C241002BD72D /* ViewController.swift in Sources */,
				753998331B29C241002BD72D /* AppDelegate.swift in Sources */,
			);
			runOnlyForDeploymentPostprocessing = 0;
		};
		7539983E1B29C241002BD72D /* Sources */ = {
			isa = PBXSourcesBuildPhase;
			buildActionMask = 2147483647;
			files = (
				753998491B29C241002BD72D /* HappinessTests.swift in Sources */,
			);
			runOnlyForDeploymentPostprocessing = 0;
		};
/* End PBXSourcesBuildPhase section */

/* Begin PBXTargetDependency section */
		753998441B29C241002BD72D /* PBXTargetDependency */ = {
			isa = PBXTargetDependency;
			target = 7539982C1B29C241002BD72D /* Happiness */;
			targetProxy = 753998431B29C241002BD72D /* PBXContainerItemProxy */;
		};
/* End PBXTargetDependency section */

/* Begin PBXVariantGroup section */
		753998361B29C241002BD72D /* Main.storyboard */ = {
			isa = PBXVariantGroup;
			children = (
				753998371B29C241002BD72D /* Base */,
			);
			name = Main.storyboard;
			sourceTree = "<group>";
		};
		7539983B1B29C241002BD72D /* LaunchScreen.xib */ = {
			isa = PBXVariantGroup;
			children = (
				7539983C1B29C241002BD72D /* Base */,
			);
			name = LaunchScreen.xib;
			sourceTree = "<group>";
		};
/* End PBXVariantGroup section */

/* Begin XCBuildConfiguration section */
		7539984A1B29C241002BD72D /* Debug */ = {
			isa = XCBuildConfiguration;
			buildSettings = {
				ALWAYS_SEARCH_USER_PATHS = NO;
				CLANG_CXX_LANGUAGE_STANDARD = "gnu++0x";
				CLANG_CXX_LIBRARY = "libc++";
				CLANG_ENABLE_MODULES = YES;
				CLANG_ENABLE_OBJC_ARC = YES;
				CLANG_WARN_BOOL_CONVERSION = YES;
				CLANG_WARN_CONSTANT_CONVERSION = YES;
				CLANG_WARN_DIRECT_OBJC_ISA_USAGE = YES_ERROR;
				CLANG_WARN_EMPTY_BODY = YES;
				CLANG_WARN_ENUM_CONVERSION = YES;
				CLANG_WARN_INT_CONVERSION = YES;
				CLANG_WARN_OBJC_ROOT_CLASS = YES_ERROR;
				CLANG_WARN_UNREACHABLE_CODE = YES;
				CLANG_WARN__DUPLICATE_METHOD_MATCH = YES;
				"CODE_SIGN_IDENTITY[sdk=iphoneos*]" = "iPhone Developer";
				COPY_PHASE_STRIP = NO;
				DEBUG_INFORMATION_FORMAT = "dwarf-with-dsym";
				ENABLE_STRICT_OBJC_MSGSEND = YES;
				GCC_C_LANGUAGE_STANDARD = gnu99;
				GCC_DYNAMIC_NO_PIC = NO;
				GCC_NO_COMMON_BLOCKS = YES;
				GCC_OPTIMIZATION_LEVEL = 0;
				GCC_PREPROCESSOR_DEFINITIONS = (
					"DEBUG=1",
					"$(inherited)",
				);
				GCC_SYMBOLS_PRIVATE_EXTERN = NO;
				GCC_WARN_64_TO_32_BIT_CONVERSION = YES;
				GCC_WARN_ABOUT_RETURN_TYPE = YES_ERROR;
				GCC_WARN_UNDECLARED_SELECTOR = YES;
				GCC_WARN_UNINITIALIZED_AUTOS = YES_AGGRESSIVE;
				GCC_WARN_UNUSED_FUNCTION = YES;
				GCC_WARN_UNUSED_VARIABLE = YES;
				IPHONEOS_DEPLOYMENT_TARGET = 8.3;
				MTL_ENABLE_DEBUG_INFO = YES;
				ONLY_ACTIVE_ARCH = YES;
				SDKROOT = iphoneos;
				SWIFT_OPTIMIZATION_LEVEL = "-Onone";
				TARGETED_DEVICE_FAMILY = "1,2";
			};
			name = Debug;
		};
		7539984B1B29C241002BD72D /* Release */ = {
			isa = XCBuildConfiguration;
			buildSettings = {
				ALWAYS_SEARCH_USER_PATHS = NO;
				CLANG_CXX_LANGUAGE_STANDARD = "gnu++0x";
				CLANG_CXX_LIBRARY = "libc++";
				CLANG_ENABLE_MODULES = YES;
				CLANG_ENABLE_OBJC_ARC = YES;
				CLANG_WARN_BOOL_CONVERSION = YES;
				CLANG_WARN_CONSTANT_CONVERSION = YES;
				CLANG_WARN_DIRECT_OBJC_ISA_USAGE = YES_ERROR;
				CLANG_WARN_EMPTY_BODY = YES;
				CLANG_WARN_ENUM_CONVERSION = YES;
				CLANG_WARN_INT_CONVERSION = YES;
				CLANG_WARN_OBJC_ROOT_CLASS = YES_ERROR;
				CLANG_WARN_UNREACHABLE_CODE = YES;
				CLANG_WARN__DUPLICATE_METHOD_MATCH = YES;
				"CODE_SIGN_IDENTITY[sdk=iphoneos*]" = "iPhone Developer";
				COPY_PHASE_STRIP = NO;
				DEBUG_INFORMATION_FORMAT = "dwarf-with-dsym";
				ENABLE_NS_ASSERTIONS = NO;
				ENABLE_STRICT_OBJC_MSGSEND = YES;
				GCC_C_LANGUAGE_STANDARD = gnu99;
				GCC_NO_COMMON_BLOCKS = YES;
				GCC_WARN_64_TO_32_BIT_CONVERSION = YES;
				GCC_WARN_ABOUT_RETURN_TYPE = YES_ERROR;
				GCC_WARN_UNDECLARED_SELECTOR = YES;
				GCC_WARN_UNINITIALIZED_AUTOS = YES_AGGRESSIVE;
				GCC_WARN_UNUSED_FUNCTION = YES;
				GCC_WARN_UNUSED_VARIABLE = YES;
				IPHONEOS_DEPLOYMENT_TARGET = 8.3;
				MTL_ENABLE_DEBUG_INFO = NO;
				SDKROOT = iphoneos;
				TARGETED_DEVICE_FAMILY = "1,2";
				VALIDATE_PRODUCT = YES;
			};
			name = Release;
		};
		7539984D1B29C241002BD72D /* Debug */ = {
			isa = XCBuildConfiguration;
			buildSettings = {
				ASSETCATALOG_COMPILER_APPICON_NAME = AppIcon;
				INFOPLIST_FILE = Happiness/Info.plist;
				LD_RUNPATH_SEARCH_PATHS = "$(inherited) @executable_path/Frameworks";
				PRODUCT_NAME = "$(TARGET_NAME)";
			};
			name = Debug;
		};
		7539984E1B29C241002BD72D /* Release */ = {
			isa = XCBuildConfiguration;
			buildSettings = {
				ASSETCATALOG_COMPILER_APPICON_NAME = AppIcon;
				INFOPLIST_FILE = Happiness/Info.plist;
				LD_RUNPATH_SEARCH_PATHS = "$(inherited) @executable_path/Frameworks";
				PRODUCT_NAME = "$(TARGET_NAME)";
			};
			name = Release;
		};
		753998501B29C241002BD72D /* Debug */ = {
			isa = XCBuildConfiguration;
			buildSettings = {
				BUNDLE_LOADER = "$(TEST_HOST)";
				FRAMEWORK_SEARCH_PATHS = (
					"$(SDKROOT)/Developer/Library/Frameworks",
					"$(inherited)",
				);
				GCC_PREPROCESSOR_DEFINITIONS = (
					"DEBUG=1",
					"$(inherited)",
				);
				INFOPLIST_FILE = HappinessTests/Info.plist;
				LD_RUNPATH_SEARCH_PATHS = "$(inherited) @executable_path/Frameworks @loader_path/Frameworks";
				PRODUCT_NAME = "$(TARGET_NAME)";
				TEST_HOST = "$(BUILT_PRODUCTS_DIR)/Happiness.app/Happiness";
			};
			name = Debug;
		};
		753998511B29C241002BD72D /* Release */ = {
			isa = XCBuildConfiguration;
			buildSettings = {
				BUNDLE_LOADER = "$(TEST_HOST)";
				FRAMEWORK_SEARCH_PATHS = (
					"$(SDKROOT)/Developer/Library/Frameworks",
					"$(inherited)",
				);
				INFOPLIST_FILE = HappinessTests/Info.plist;
				LD_RUNPATH_SEARCH_PATHS = "$(inherited) @executable_path/Frameworks @loader_path/Frameworks";
				PRODUCT_NAME = "$(TARGET_NAME)";
				TEST_HOST = "$(BUILT_PRODUCTS_DIR)/Happiness.app/Happiness";
			};
			name = Release;
		};
/* End XCBuildConfiguration section */

/* Begin XCConfigurationList section */
		753998281B29C241002BD72D /* Build configuration list for PBXProject "Happiness" */ = {
			isa = XCConfigurationList;
			buildConfigurations = (
				7539984A1B29C241002BD72D /* Debug */,
				7539984B1B29C241002BD72D /* Release */,
			);
			defaultConfigurationIsVisible = 0;
			defaultConfigurationName = Release;
		};
		7539984C1B29C241002BD72D /* Build configuration list for PBXNativeTarget "Happiness" */ = {
			isa = XCConfigurationList;
			buildConfigurations = (
				7539984D1B29C241002BD72D /* Debug */,
				7539984E1B29C241002BD72D /* Release */,
			);
			defaultConfigurationIsVisible = 0;
		};
		7539984F1B29C241002BD72D /* Build configuration list for PBXNativeTarget "HappinessTests" */ = {
			isa = XCConfigurationList;
			buildConfigurations = (
				753998501B29C241002BD72D /* Debug */,
				753998511B29C241002BD72D /* Release */,
			);
			defaultConfigurationIsVisible = 0;
		};
/* End XCConfigurationList section */
	};
	rootObject = 753998251B29C241002BD72D /* Project object */;
}
